
Microsoft Visual Studio Solution File, Format Version 12.00
# Visual Studio Version 16
VisualStudioVersion = 16.0.29418.71
MinimumVisualStudioVersion = 10.0.40219.1
Project("{9A19103F-16F7-4668-BE54-9A1E7A4F7556}") = "platzi_asp_net_core", "platzi_asp_net_core.csproj", "{05043809-DF21-4D9B-9CA4-E59AF408ED19}"
EndProject
Global
	GlobalSection(SolutionConfigurationPlatforms) = preSolution
		Debug|Any CPU = Debug|Any CPU
		Release|Any CPU = Release|Any CPU
	EndGlobalSection
	GlobalSection(ProjectConfigurationPlatforms) = postSolution
		{05043809-DF21-4D9B-9CA4-E59AF408ED19}.Debug|Any CPU.ActiveCfg = Debug|Any CPU
		{05043809-DF21-4D9B-9CA4-E59AF408ED19}.Debug|Any CPU.Build.0 = Debug|Any CPU
		{05043809-DF21-4D9B-9CA4-E59AF408ED19}.Release|Any CPU.ActiveCfg = Release|Any CPU
		{05043809-DF21-4D9B-9CA4-E59AF408ED19}.Release|Any CPU.Build.0 = Release|Any CPU
	EndGlobalSection
	GlobalSection(SolutionProperties) = preSolution
		HideSolutionNode = FALSE
	EndGlobalSection
	GlobalSection(ExtensibilityGlobals) = postSolution
		SolutionGuid = {426F7DF9-A01F-447D-BA1D-D9756757DE8C}
	EndGlobalSection
EndGlobal
